{
  "R": {
    "Version": "4.2.0",
    "Repositories": [
      {
        "Name": "CRAN",
        "URL": "https://cloud.r-project.org"
      }
    ]
  },
  "Packages": {
    "Seurat": {
      "Package": "Seurat",
      "Version": "3.2.3",
      "Source": "Repository",
      "Repository": "CRAN"
    },
    "SeuratData": {
      "Package": "SeuratData",
      "Version": "0.2.2",
      "Source": "GitHub",
      "RemoteType": "github",
      "RemoteHost": "api.github.com",
      "RemoteRepo": "seurat-data",
      "RemoteUsername": "satijalab",
      "RemoteRef": "HEAD"
    },
    "renv": {
      "Package": "renv",
      "Version": "1.0.7",
      "Source": "Repository",
      "Repository": "CRAN"
    }
  }
}
